
Microsoft Visual Studio Solution File, Format Version 12.00
# Visual Studio 15
VisualStudioVersion = 15.0.26730.8
MinimumVisualStudioVersion = 10.0.40219.1
Project("{2150E333-8FDC-42A3-9474-1A3956D46DE8}") = "2. API", "2. API", "{4B84205C-0180-4DFF-B5CB-C6675EFD0AF0}"
EndProject
Project("{2150E333-8FDC-42A3-9474-1A3956D46DE8}") = "1. WEB", "1. WEB", "{F80BEDB2-CE88-4F81-8FD2-861AA22117EC}"
EndProject
Project("{2150E333-8FDC-42A3-9474-1A3956D46DE8}") = "Tests", "Tests", "{B3BEDA2C-49D0-496E-AFE1-7BDA8F3C4BE5}"
EndProject
Project("{2150E333-8FDC-42A3-9474-1A3956D46DE8}") = "4. Services", "4. Services", "{E222DBA4-A330-424C-9944-14B3AA07A3FA}"
EndProject
Project("{FAE04EC0-301F-11D3-BF4B-00C04F79EFBC}") = "IA.Weather.API.Bindings", "src\IA.Weather.API.Bindings\IA.Weather.API.Bindings.csproj", "{C7D0842E-FE65-4788-AE37-27329D5918B3}"
EndProject
Project("{FAE04EC0-301F-11D3-BF4B-00C04F79EFBC}") = "IA.Weather.API", "src\IA.Weather.API\IA.Weather.API.csproj", "{27312F95-96C4-4A54-9111-7C22719C7A6C}"
EndProject
Project("{FAE04EC0-301F-11D3-BF4B-00C04F79EFBC}") = "IA.Weather.API.SelfHost", "src\IA.Weather.API.SelfHost\IA.Weather.API.SelfHost.csproj", "{B8BBEECF-4465-41E8-8F41-BAFA66684B7D}"
EndProject
Project("{FAE04EC0-301F-11D3-BF4B-00C04F79EFBC}") = "IA.Weather.Web", "src\IA.Weather.Web\IA.Weather.Web.csproj", "{AAE5799D-0B40-421E-AB0A-05D9A6480516}"
EndProject
Project("{FAE04EC0-301F-11D3-BF4B-00C04F79EFBC}") = "IA.Weather.API.WebHost", "src\IA.Weather.API.WebHost\IA.Weather.API.WebHost.csproj", "{46CD8012-3486-4A59-9DF7-5FFC723613DE}"
EndProject
Project("{2150E333-8FDC-42A3-9474-1A3956D46DE8}") = "Solution Items", "Solution Items", "{7C808257-267C-401D-98E6-22D2DC039E0B}"
	ProjectSection(SolutionItems) = preProject
		README.txt = README.txt
	EndProjectSection
EndProject
Project("{FAE04EC0-301F-11D3-BF4B-00C04F79EFBC}") = "IA.Weather.Services", "src\IA.Weather.Services\IA.Weather.Services.csproj", "{9080F920-1268-41DD-B4E2-F9B0476C5316}"
EndProject
Project("{FAE04EC0-301F-11D3-BF4B-00C04F79EFBC}") = "IA.Weather.Services.Contract", "src\IA.Weather.Services.Contract\IA.Weather.Services.Contract.csproj", "{DB1D6A33-183F-4206-8ED1-5EC74FFDAF42}"
EndProject
Project("{2150E333-8FDC-42A3-9474-1A3956D46DE8}") = "3. Domain", "3. Domain", "{9B5877D3-9730-4307-8B72-E39C42B2BD77}"
EndProject
Project("{FAE04EC0-301F-11D3-BF4B-00C04F79EFBC}") = "IA.Weather.Domain", "src\IA.Weather.Domain\IA.Weather.Domain.csproj", "{F48DE805-3A5A-42E4-B9FE-6FCA2F37A1CA}"
EndProject
Project("{FAE04EC0-301F-11D3-BF4B-00C04F79EFBC}") = "IA.Weather.API.UnitTests", "src\IA.Weather.API.UnitTests\IA.Weather.API.UnitTests.csproj", "{2BD3E890-026C-4BB0-9274-0D6FBD8C9B2D}"
EndProject
Project("{FAE04EC0-301F-11D3-BF4B-00C04F79EFBC}") = "IA.Weather.Services.UnitTests", "src\IA.Weather.Services.UnitTests\IA.Weather.Services.UnitTests.csproj", "{B595AC58-79BA-4661-B4EE-F77A2CFAAE6A}"
EndProject
Project("{2150E333-8FDC-42A3-9474-1A3956D46DE8}") = "5. Infrastructure", "5. Infrastructure", "{80AD23E9-4D4E-4413-97D1-5BE109949CDA}"
EndProject
Project("{FAE04EC0-301F-11D3-BF4B-00C04F79EFBC}") = "IA.Weather.Infrastructure.Providers", "src\IA.Weather.Infrastructure.Providers\IA.Weather.Infrastructure.Providers.csproj", "{9EAD89CF-C680-4405-A23C-708FBB631761}"
EndProject
Project("{FAE04EC0-301F-11D3-BF4B-00C04F79EFBC}") = "IA.Weather.Infrastructure.Providers.UnitTests", "IA.Weather.Infrastructure.Providers.UnitTests\IA.Weather.Infrastructure.Providers.UnitTests.csproj", "{1F65C51D-3E6D-4847-BD0D-F38975DBB71A}"
EndProject
Global
	GlobalSection(SolutionConfigurationPlatforms) = preSolution
		Debug|Any CPU = Debug|Any CPU
		Release|Any CPU = Release|Any CPU
	EndGlobalSection
	GlobalSection(ProjectConfigurationPlatforms) = postSolution
		{C7D0842E-FE65-4788-AE37-27329D5918B3}.Debug|Any CPU.ActiveCfg = Debug|Any CPU
		{C7D0842E-FE65-4788-AE37-27329D5918B3}.Debug|Any CPU.Build.0 = Debug|Any CPU
		{C7D0842E-FE65-4788-AE37-27329D5918B3}.Release|Any CPU.ActiveCfg = Release|Any CPU
		{C7D0842E-FE65-4788-AE37-27329D5918B3}.Release|Any CPU.Build.0 = Release|Any CPU
		{27312F95-96C4-4A54-9111-7C22719C7A6C}.Debug|Any CPU.ActiveCfg = Debug|Any CPU
		{27312F95-96C4-4A54-9111-7C22719C7A6C}.Debug|Any CPU.Build.0 = Debug|Any CPU
		{27312F95-96C4-4A54-9111-7C22719C7A6C}.Release|Any CPU.ActiveCfg = Release|Any CPU
		{27312F95-96C4-4A54-9111-7C22719C7A6C}.Release|Any CPU.Build.0 = Release|Any CPU
		{B8BBEECF-4465-41E8-8F41-BAFA66684B7D}.Debug|Any CPU.ActiveCfg = Debug|Any CPU
		{B8BBEECF-4465-41E8-8F41-BAFA66684B7D}.Debug|Any CPU.Build.0 = Debug|Any CPU
		{B8BBEECF-4465-41E8-8F41-BAFA66684B7D}.Release|Any CPU.ActiveCfg = Release|Any CPU
		{B8BBEECF-4465-41E8-8F41-BAFA66684B7D}.Release|Any CPU.Build.0 = Release|Any CPU
		{AAE5799D-0B40-421E-AB0A-05D9A6480516}.Debug|Any CPU.ActiveCfg = Debug|Any CPU
		{AAE5799D-0B40-421E-AB0A-05D9A6480516}.Debug|Any CPU.Build.0 = Debug|Any CPU
		{AAE5799D-0B40-421E-AB0A-05D9A6480516}.Release|Any CPU.ActiveCfg = Release|Any CPU
		{AAE5799D-0B40-421E-AB0A-05D9A6480516}.Release|Any CPU.Build.0 = Release|Any CPU
		{46CD8012-3486-4A59-9DF7-5FFC723613DE}.Debug|Any CPU.ActiveCfg = Debug|Any CPU
		{46CD8012-3486-4A59-9DF7-5FFC723613DE}.Debug|Any CPU.Build.0 = Debug|Any CPU
		{46CD8012-3486-4A59-9DF7-5FFC723613DE}.Release|Any CPU.ActiveCfg = Release|Any CPU
		{46CD8012-3486-4A59-9DF7-5FFC723613DE}.Release|Any CPU.Build.0 = Release|Any CPU
		{9080F920-1268-41DD-B4E2-F9B0476C5316}.Debug|Any CPU.ActiveCfg = Debug|Any CPU
		{9080F920-1268-41DD-B4E2-F9B0476C5316}.Debug|Any CPU.Build.0 = Debug|Any CPU
		{9080F920-1268-41DD-B4E2-F9B0476C5316}.Release|Any CPU.ActiveCfg = Release|Any CPU
		{9080F920-1268-41DD-B4E2-F9B0476C5316}.Release|Any CPU.Build.0 = Release|Any CPU
		{DB1D6A33-183F-4206-8ED1-5EC74FFDAF42}.Debug|Any CPU.ActiveCfg = Debug|Any CPU
		{DB1D6A33-183F-4206-8ED1-5EC74FFDAF42}.Debug|Any CPU.Build.0 = Debug|Any CPU
		{DB1D6A33-183F-4206-8ED1-5EC74FFDAF42}.Release|Any CPU.ActiveCfg = Release|Any CPU
		{DB1D6A33-183F-4206-8ED1-5EC74FFDAF42}.Release|Any CPU.Build.0 = Release|Any CPU
		{F48DE805-3A5A-42E4-B9FE-6FCA2F37A1CA}.Debug|Any CPU.ActiveCfg = Debug|Any CPU
		{F48DE805-3A5A-42E4-B9FE-6FCA2F37A1CA}.Debug|Any CPU.Build.0 = Debug|Any CPU
		{F48DE805-3A5A-42E4-B9FE-6FCA2F37A1CA}.Release|Any CPU.ActiveCfg = Release|Any CPU
		{F48DE805-3A5A-42E4-B9FE-6FCA2F37A1CA}.Release|Any CPU.Build.0 = Release|Any CPU
		{2BD3E890-026C-4BB0-9274-0D6FBD8C9B2D}.Debug|Any CPU.ActiveCfg = Debug|Any CPU
		{2BD3E890-026C-4BB0-9274-0D6FBD8C9B2D}.Debug|Any CPU.Build.0 = Debug|Any CPU
		{2BD3E890-026C-4BB0-9274-0D6FBD8C9B2D}.Release|Any CPU.ActiveCfg = Release|Any CPU
		{2BD3E890-026C-4BB0-9274-0D6FBD8C9B2D}.Release|Any CPU.Build.0 = Release|Any CPU
		{B595AC58-79BA-4661-B4EE-F77A2CFAAE6A}.Debug|Any CPU.ActiveCfg = Debug|Any CPU
		{B595AC58-79BA-4661-B4EE-F77A2CFAAE6A}.Debug|Any CPU.Build.0 = Debug|Any CPU
		{B595AC58-79BA-4661-B4EE-F77A2CFAAE6A}.Release|Any CPU.ActiveCfg = Release|Any CPU
		{B595AC58-79BA-4661-B4EE-F77A2CFAAE6A}.Release|Any CPU.Build.0 = Release|Any CPU
		{9EAD89CF-C680-4405-A23C-708FBB631761}.Debug|Any CPU.ActiveCfg = Debug|Any CPU
		{9EAD89CF-C680-4405-A23C-708FBB631761}.Debug|Any CPU.Build.0 = Debug|Any CPU
		{9EAD89CF-C680-4405-A23C-708FBB631761}.Release|Any CPU.ActiveCfg = Release|Any CPU
		{9EAD89CF-C680-4405-A23C-708FBB631761}.Release|Any CPU.Build.0 = Release|Any CPU
		{1F65C51D-3E6D-4847-BD0D-F38975DBB71A}.Debug|Any CPU.ActiveCfg = Debug|Any CPU
		{1F65C51D-3E6D-4847-BD0D-F38975DBB71A}.Debug|Any CPU.Build.0 = Debug|Any CPU
		{1F65C51D-3E6D-4847-BD0D-F38975DBB71A}.Release|Any CPU.ActiveCfg = Release|Any CPU
		{1F65C51D-3E6D-4847-BD0D-F38975DBB71A}.Release|Any CPU.Build.0 = Release|Any CPU
	EndGlobalSection
	GlobalSection(SolutionProperties) = preSolution
		HideSolutionNode = FALSE
	EndGlobalSection
	GlobalSection(NestedProjects) = preSolution
		{C7D0842E-FE65-4788-AE37-27329D5918B3} = {4B84205C-0180-4DFF-B5CB-C6675EFD0AF0}
		{27312F95-96C4-4A54-9111-7C22719C7A6C} = {4B84205C-0180-4DFF-B5CB-C6675EFD0AF0}
		{B8BBEECF-4465-41E8-8F41-BAFA66684B7D} = {4B84205C-0180-4DFF-B5CB-C6675EFD0AF0}
		{AAE5799D-0B40-421E-AB0A-05D9A6480516} = {F80BEDB2-CE88-4F81-8FD2-861AA22117EC}
		{46CD8012-3486-4A59-9DF7-5FFC723613DE} = {4B84205C-0180-4DFF-B5CB-C6675EFD0AF0}
		{9080F920-1268-41DD-B4E2-F9B0476C5316} = {E222DBA4-A330-424C-9944-14B3AA07A3FA}
		{DB1D6A33-183F-4206-8ED1-5EC74FFDAF42} = {E222DBA4-A330-424C-9944-14B3AA07A3FA}
		{F48DE805-3A5A-42E4-B9FE-6FCA2F37A1CA} = {9B5877D3-9730-4307-8B72-E39C42B2BD77}
		{2BD3E890-026C-4BB0-9274-0D6FBD8C9B2D} = {B3BEDA2C-49D0-496E-AFE1-7BDA8F3C4BE5}
		{B595AC58-79BA-4661-B4EE-F77A2CFAAE6A} = {B3BEDA2C-49D0-496E-AFE1-7BDA8F3C4BE5}
		{9EAD89CF-C680-4405-A23C-708FBB631761} = {80AD23E9-4D4E-4413-97D1-5BE109949CDA}
		{1F65C51D-3E6D-4847-BD0D-F38975DBB71A} = {B3BEDA2C-49D0-496E-AFE1-7BDA8F3C4BE5}
	EndGlobalSection
	GlobalSection(ExtensibilityGlobals) = postSolution
		SolutionGuid = {4649D2BC-06AB-4E7D-BD81-8EE9EFE83538}
	EndGlobalSection
EndGlobal
